
Microsoft Visual Studio Solution File, Format Version 12.00
# Visual Studio 2012
Project("{FAE04EC0-301F-11D3-BF4B-00C04F79EFBC}") = "MobileGrid", "MobileGrid\MobileGrid.csproj", "{4C4EA86E-8B98-4591-85A9-5327C5565594}"
EndProject
Project("{FAE04EC0-301F-11D3-BF4B-00C04F79EFBC}") = "TGrid.Tests", "TGrid.Tests\TGrid.Tests.csproj", "{1F8C2073-8EA8-4DD7-8A9B-611BBBF057E5}"
EndProject
Global
	GlobalSection(SolutionConfigurationPlatforms) = preSolution
		Debug|Any CPU = Debug|Any CPU
		Release|Any CPU = Release|Any CPU
	EndGlobalSection
	GlobalSection(ProjectConfigurationPlatforms) = postSolution
		{4C4EA86E-8B98-4591-85A9-5327C5565594}.Debug|Any CPU.ActiveCfg = Debug|Any CPU
		{4C4EA86E-8B98-4591-85A9-5327C5565594}.Debug|Any CPU.Build.0 = Debug|Any CPU
		{4C4EA86E-8B98-4591-85A9-5327C5565594}.Release|Any CPU.ActiveCfg = Release|Any CPU
		{4C4EA86E-8B98-4591-85A9-5327C5565594}.Release|Any CPU.Build.0 = Release|Any CPU
		{1F8C2073-8EA8-4DD7-8A9B-611BBBF057E5}.Debug|Any CPU.ActiveCfg = Debug|Any CPU
		{1F8C2073-8EA8-4DD7-8A9B-611BBBF057E5}.Debug|Any CPU.Build.0 = Debug|Any CPU
		{1F8C2073-8EA8-4DD7-8A9B-611BBBF057E5}.Release|Any CPU.ActiveCfg = Release|Any CPU
		{1F8C2073-8EA8-4DD7-8A9B-611BBBF057E5}.Release|Any CPU.Build.0 = Release|Any CPU
	EndGlobalSection
	GlobalSection(SolutionProperties) = preSolution
		HideSolutionNode = FALSE
	EndGlobalSection
EndGlobal
