
Microsoft Visual Studio Solution File, Format Version 12.00
# Visual Studio 2013
VisualStudioVersion = 12.0.21005.1
MinimumVisualStudioVersion = 10.0.40219.1
Project("{FAE04EC0-301F-11D3-BF4B-00C04F79EFBC}") = "TesserisPro.TGrid", "TesserisPro.TGrid\TesserisPro.TGrid.csproj", "{F9339722-A757-47E2-897B-70AB9D202365}"
EndProject
Project("{FAE04EC0-301F-11D3-BF4B-00C04F79EFBC}") = "TesserisPro.TGrid.Web", "TesserisPro.TGrid.Web\TesserisPro.TGrid.Web.csproj", "{65B99E41-E965-4FFC-A97B-8D51DD380C60}"
EndProject
Project("{2150E333-8FDC-42A3-9474-1A3956D46DE8}") = ".nuget", ".nuget", "{C3A8FBFA-D74A-445C-8742-A8C7672427BB}"
	ProjectSection(SolutionItems) = preProject
		.nuget\NuGet.Config = .nuget\NuGet.Config
		.nuget\NuGet.exe = .nuget\NuGet.exe
		.nuget\NuGet.targets = .nuget\NuGet.targets
	EndProjectSection
EndProject
Global
	GlobalSection(SolutionConfigurationPlatforms) = preSolution
		Debug|Any CPU = Debug|Any CPU
		Release|Any CPU = Release|Any CPU
	EndGlobalSection
	GlobalSection(ProjectConfigurationPlatforms) = postSolution
		{F9339722-A757-47E2-897B-70AB9D202365}.Debug|Any CPU.ActiveCfg = Debug|Any CPU
		{F9339722-A757-47E2-897B-70AB9D202365}.Debug|Any CPU.Build.0 = Debug|Any CPU
		{F9339722-A757-47E2-897B-70AB9D202365}.Release|Any CPU.ActiveCfg = Release|Any CPU
		{F9339722-A757-47E2-897B-70AB9D202365}.Release|Any CPU.Build.0 = Release|Any CPU
		{65B99E41-E965-4FFC-A97B-8D51DD380C60}.Debug|Any CPU.ActiveCfg = Debug|Any CPU
		{65B99E41-E965-4FFC-A97B-8D51DD380C60}.Debug|Any CPU.Build.0 = Debug|Any CPU
		{65B99E41-E965-4FFC-A97B-8D51DD380C60}.Release|Any CPU.ActiveCfg = Release|Any CPU
		{65B99E41-E965-4FFC-A97B-8D51DD380C60}.Release|Any CPU.Build.0 = Release|Any CPU
	EndGlobalSection
	GlobalSection(SolutionProperties) = preSolution
		HideSolutionNode = FALSE
	EndGlobalSection
EndGlobal
