
Microsoft Visual Studio Solution File, Format Version 12.00
# Visual Studio 2012
Project("{FAE04EC0-301F-11D3-BF4B-00C04F79EFBC}") = "tesseris", "tesseris\tesseris.csproj", "{65B99E41-E965-4FFC-A97B-8D51DD380C60}"
EndProject
Project("{2150E333-8FDC-42A3-9474-1A3956D46DE8}") = "Solution Items", "Solution Items", "{B31BDDD7-5494-478B-B2DF-F27542AF5B85}"
	ProjectSection(SolutionItems) = preProject
		WE-browsers.xml = WE-browsers.xml
	EndProjectSection
EndProject
Global
	GlobalSection(SolutionConfigurationPlatforms) = preSolution
		Debug|Any CPU = Debug|Any CPU
		Release|Any CPU = Release|Any CPU
	EndGlobalSection
	GlobalSection(ProjectConfigurationPlatforms) = postSolution
		{65B99E41-E965-4FFC-A97B-8D51DD380C60}.Debug|Any CPU.ActiveCfg = Debug|Any CPU
		{65B99E41-E965-4FFC-A97B-8D51DD380C60}.Debug|Any CPU.Build.0 = Debug|Any CPU
		{65B99E41-E965-4FFC-A97B-8D51DD380C60}.Release|Any CPU.ActiveCfg = Release|Any CPU
		{65B99E41-E965-4FFC-A97B-8D51DD380C60}.Release|Any CPU.Build.0 = Release|Any CPU
	EndGlobalSection
	GlobalSection(SolutionProperties) = preSolution
		HideSolutionNode = FALSE
	EndGlobalSection
EndGlobal
